
Microsoft Visual Studio Solution File, Format Version 12.00
# Visual Studio 15
Project("{FAE04EC0-301F-11D3-BF4B-00C04F79EFBC}") = "XamarinApp", "XamarinApp\XamarinApp.csproj", "{0079CCEB-EA3D-42F2-B508-A60C6298BA46}"
EndProject
Global
	GlobalSection(SolutionConfigurationPlatforms) = preSolution
		Debug|iPhoneSimulator = Debug|iPhoneSimulator
		Release|iPhoneSimulator = Release|iPhoneSimulator
		Debug|iPhone = Debug|iPhone
		Release|iPhone = Release|iPhone
	EndGlobalSection
	GlobalSection(ProjectConfigurationPlatforms) = postSolution
		{0079CCEB-EA3D-42F2-B508-A60C6298BA46}.Debug|iPhoneSimulator.ActiveCfg = Debug|iPhoneSimulator
		{0079CCEB-EA3D-42F2-B508-A60C6298BA46}.Debug|iPhoneSimulator.Build.0 = Debug|iPhoneSimulator
		{0079CCEB-EA3D-42F2-B508-A60C6298BA46}.Release|iPhoneSimulator.ActiveCfg = Release|iPhoneSimulator
		{0079CCEB-EA3D-42F2-B508-A60C6298BA46}.Release|iPhoneSimulator.Build.0 = Release|iPhoneSimulator
		{0079CCEB-EA3D-42F2-B508-A60C6298BA46}.Debug|iPhone.ActiveCfg = Debug|iPhone
		{0079CCEB-EA3D-42F2-B508-A60C6298BA46}.Debug|iPhone.Build.0 = Debug|iPhone
		{0079CCEB-EA3D-42F2-B508-A60C6298BA46}.Release|iPhone.ActiveCfg = Release|iPhone
		{0079CCEB-EA3D-42F2-B508-A60C6298BA46}.Release|iPhone.Build.0 = Release|iPhone
	EndGlobalSection
EndGlobal
